
Microsoft Visual Studio Solution File, Format Version 12.00
# Visual Studio Version 17
VisualStudioVersion = 17.5.33530.505
MinimumVisualStudioVersion = 10.0.40219.1
Project("{FAE04EC0-301F-11D3-BF4B-00C04F79EFBC}") = "QuanLyVeXe", "QuanLyVeXe\QuanLyVeXe.csproj", "{B0915288-8BE7-4EC7-BCDA-A7B0BD10458F}"
EndProject
Project("{FAE04EC0-301F-11D3-BF4B-00C04F79EFBC}") = "DataPlayer", "DataPlayer\DataPlayer.csproj", "{28277E66-ADCD-465A-B499-4428ECBAF928}"
EndProject
Global
	GlobalSection(SolutionConfigurationPlatforms) = preSolution
		Debug|Any CPU = Debug|Any CPU
		Release|Any CPU = Release|Any CPU
	EndGlobalSection
	GlobalSection(ProjectConfigurationPlatforms) = postSolution
		{B0915288-8BE7-4EC7-BCDA-A7B0BD10458F}.Debug|Any CPU.ActiveCfg = Debug|Any CPU
		{B0915288-8BE7-4EC7-BCDA-A7B0BD10458F}.Debug|Any CPU.Build.0 = Debug|Any CPU
		{B0915288-8BE7-4EC7-BCDA-A7B0BD10458F}.Release|Any CPU.ActiveCfg = Release|Any CPU
		{B0915288-8BE7-4EC7-BCDA-A7B0BD10458F}.Release|Any CPU.Build.0 = Release|Any CPU
		{28277E66-ADCD-465A-B499-4428ECBAF928}.Debug|Any CPU.ActiveCfg = Debug|Any CPU
		{28277E66-ADCD-465A-B499-4428ECBAF928}.Debug|Any CPU.Build.0 = Debug|Any CPU
		{28277E66-ADCD-465A-B499-4428ECBAF928}.Release|Any CPU.ActiveCfg = Release|Any CPU
		{28277E66-ADCD-465A-B499-4428ECBAF928}.Release|Any CPU.Build.0 = Release|Any CPU
	EndGlobalSection
	GlobalSection(SolutionProperties) = preSolution
		HideSolutionNode = FALSE
	EndGlobalSection
	GlobalSection(ExtensibilityGlobals) = postSolution
		SolutionGuid = {5E785D7F-3781-4847-BA33-1DCCB8A09D93}
	EndGlobalSection
EndGlobal
